
Microsoft Visual Studio Solution File, Format Version 12.00
# Visual Studio Version 16
VisualStudioVersion = 16.0.30611.23
MinimumVisualStudioVersion = 10.0.40219.1
Project("{FAE04EC0-301F-11D3-BF4B-00C04F79EFBC}") = "SynopticPanelSvg", "SynopticPanelSvg\SynopticPanelSvg.csproj", "{26BE37C9-6C7C-42AF-ABDB-86383F89FA12}"
EndProject
Project("{FAE04EC0-301F-11D3-BF4B-00C04F79EFBC}") = "SynopticPanelSvg.Pdf", "SynopticPanelSvg.Pdf\SynopticPanelSvg.Pdf.csproj", "{E16D0E07-D4CF-4DBF-8E8F-6F4A6F5DBCCE}"
EndProject
Project("{FAE04EC0-301F-11D3-BF4B-00C04F79EFBC}") = "SynopticPanelSvg.PdfConverterApp", "SynopticPanelSvg.PdfConverterApp\SynopticPanelSvg.PdfConverterApp.csproj", "{7782A65F-B50C-498E-92D5-C67F16FF3723}"
EndProject
Global
	GlobalSection(SolutionConfigurationPlatforms) = preSolution
		Debug|Any CPU = Debug|Any CPU
		Release|Any CPU = Release|Any CPU
	EndGlobalSection
	GlobalSection(ProjectConfigurationPlatforms) = postSolution
		{26BE37C9-6C7C-42AF-ABDB-86383F89FA12}.Debug|Any CPU.ActiveCfg = Debug|Any CPU
		{26BE37C9-6C7C-42AF-ABDB-86383F89FA12}.Debug|Any CPU.Build.0 = Debug|Any CPU
		{26BE37C9-6C7C-42AF-ABDB-86383F89FA12}.Release|Any CPU.ActiveCfg = Release|Any CPU
		{26BE37C9-6C7C-42AF-ABDB-86383F89FA12}.Release|Any CPU.Build.0 = Release|Any CPU
		{E16D0E07-D4CF-4DBF-8E8F-6F4A6F5DBCCE}.Debug|Any CPU.ActiveCfg = Debug|Any CPU
		{E16D0E07-D4CF-4DBF-8E8F-6F4A6F5DBCCE}.Debug|Any CPU.Build.0 = Debug|Any CPU
		{E16D0E07-D4CF-4DBF-8E8F-6F4A6F5DBCCE}.Release|Any CPU.ActiveCfg = Release|Any CPU
		{E16D0E07-D4CF-4DBF-8E8F-6F4A6F5DBCCE}.Release|Any CPU.Build.0 = Release|Any CPU
		{7782A65F-B50C-498E-92D5-C67F16FF3723}.Debug|Any CPU.ActiveCfg = Debug|Any CPU
		{7782A65F-B50C-498E-92D5-C67F16FF3723}.Debug|Any CPU.Build.0 = Debug|Any CPU
		{7782A65F-B50C-498E-92D5-C67F16FF3723}.Release|Any CPU.ActiveCfg = Release|Any CPU
		{7782A65F-B50C-498E-92D5-C67F16FF3723}.Release|Any CPU.Build.0 = Release|Any CPU
	EndGlobalSection
	GlobalSection(SolutionProperties) = preSolution
		HideSolutionNode = FALSE
	EndGlobalSection
	GlobalSection(ExtensibilityGlobals) = postSolution
		SolutionGuid = {45E60813-13F5-450C-9CFF-6C9005638C8B}
	EndGlobalSection
EndGlobal
